
Microsoft Visual Studio Solution File, Format Version 12.00
# Visual Studio Version 17
VisualStudioVersion = 17.3.32929.385
MinimumVisualStudioVersion = 10.0.40219.1
Project("{FAE04EC0-301F-11D3-BF4B-00C04F79EFBC}") = "p5rpc.bgm.phantomoverroyaldays", "p5rpc.bgm.phantomoverroyaldays.csproj", "{5E8CD05E-390E-47AC-8716-D5B92B421817}"
EndProject
Global
	GlobalSection(SolutionConfigurationPlatforms) = preSolution
		Debug|Any CPU = Debug|Any CPU
		Release|Any CPU = Release|Any CPU
	EndGlobalSection
	GlobalSection(ProjectConfigurationPlatforms) = postSolution
		{5E8CD05E-390E-47AC-8716-D5B92B421817}.Debug|Any CPU.ActiveCfg = Debug|Any CPU
		{5E8CD05E-390E-47AC-8716-D5B92B421817}.Debug|Any CPU.Build.0 = Debug|Any CPU
		{5E8CD05E-390E-47AC-8716-D5B92B421817}.Release|Any CPU.ActiveCfg = Release|Any CPU
		{5E8CD05E-390E-47AC-8716-D5B92B421817}.Release|Any CPU.Build.0 = Release|Any CPU
	EndGlobalSection
	GlobalSection(SolutionProperties) = preSolution
		HideSolutionNode = FALSE
	EndGlobalSection
	GlobalSection(ExtensibilityGlobals) = postSolution
		SolutionGuid = {A84B2183-4A3B-4FA1-8D1E-57441A2A3E31}
	EndGlobalSection
EndGlobal
